
Microsoft Visual Studio Solution File, Format Version 12.00
# Visual Studio Version 17
VisualStudioVersion = 17.0.32112.339
MinimumVisualStudioVersion = 10.0.40219.1
Project("{2150E333-8FDC-42A3-9474-1A3956D46DE8}") = "src", "src", "{BC7CA20F-741B-4757-8833-EA38E62FC786}"
EndProject
Project("{2150E333-8FDC-42A3-9474-1A3956D46DE8}") = "tests", "tests", "{07E15C51-014F-4C05-B709-C273D2D4E78C}"
EndProject
Project("{2150E333-8FDC-42A3-9474-1A3956D46DE8}") = "corePackages", "corePackages", "{403A7B6A-EDB3-4B56-8DF2-A92A3247C721}"
EndProject
Project("{2150E333-8FDC-42A3-9474-1A3956D46DE8}") = "starterProject", "starterProject", "{F4CFDEC8-18F0-4A9C-A16B-3045B325FA69}"
EndProject
Project("{9A19103F-16F7-4668-BE54-9A1E7A4F7556}") = "Application", "src\starterProject\Application\Application.csproj", "{98DB48DE-CBB4-4BA4-982A-8A564016BBA1}"
EndProject
Project("{9A19103F-16F7-4668-BE54-9A1E7A4F7556}") = "Domain", "src\starterProject\Domain\Domain.csproj", "{9AC68273-3585-48B8-B9C0-6BEBF40D5CEB}"
EndProject
Project("{9A19103F-16F7-4668-BE54-9A1E7A4F7556}") = "Persistence", "src\starterProject\Persistence\Persistence.csproj", "{8587D7E2-7A17-4731-83D2-CBFDA2C4A0E1}"
EndProject
Project("{9A19103F-16F7-4668-BE54-9A1E7A4F7556}") = "WebAPI", "src\starterProject\WebAPI\WebAPI.csproj", "{5A5C5789-75A7-4773-AB44-13721819502A}"
	ProjectSection(ProjectDependencies) = postProject
		{8696C5CF-50A9-41A3-848F-414D39A8FB21} = {8696C5CF-50A9-41A3-848F-414D39A8FB21}
	EndProjectSection
EndProject
Project("{9A19103F-16F7-4668-BE54-9A1E7A4F7556}") = "Core.Persistence", "src\corePackages\Core.Persistence\Core.Persistence.csproj", "{430101C0-BAE0-41E7-801E-0BC492073E28}"
EndProject
Project("{9A19103F-16F7-4668-BE54-9A1E7A4F7556}") = "Core.CrossCuttingConcerns", "src\corePackages\Core.CrossCuttingConcerns\Core.CrossCuttingConcerns.csproj", "{58361D6C-B594-42B2-9BDA-92C1B5812A50}"
EndProject
Project("{9A19103F-16F7-4668-BE54-9A1E7A4F7556}") = "Core.Application", "src\corePackages\Core.Application\Core.Application.csproj", "{0B8A1EBC-8A90-4324-A9C6-E98D1E2D0293}"
EndProject
Project("{9A19103F-16F7-4668-BE54-9A1E7A4F7556}") = "Core.Mailing", "src\corePackages\Core.Mailing\Core.Mailing.csproj", "{3E439D5D-35A3-4A08-9985-EC0F1EC9C650}"
EndProject
Project("{9A19103F-16F7-4668-BE54-9A1E7A4F7556}") = "Infrastructure", "src\starterProject\Infrastructure\Infrastructure.csproj", "{8696C5CF-50A9-41A3-848F-414D39A8FB21}"
EndProject
Project("{9A19103F-16F7-4668-BE54-9A1E7A4F7556}") = "Core.Security", "src\corePackages\Core.Security\Core.Security.csproj", "{B8A4FFEC-7E11-427E-AB1D-B0F03CAC3BDC}"
EndProject
Project("{9A19103F-16F7-4668-BE54-9A1E7A4F7556}") = "Core.ElasticSearch", "src\corePackages\Core.ElasticSearch\Core.ElasticSearch.csproj", "{326EE5E7-920B-4BAE-9B86-EC81EF14C768}"
EndProject
Project("{9A19103F-16F7-4668-BE54-9A1E7A4F7556}") = "Core.Test", "src\corePackages\Core.Test\Core.Test.csproj", "{04F34479-7304-45E2-AEA3-5269BA1543E6}"
EndProject
Project("{9A19103F-16F7-4668-BE54-9A1E7A4F7556}") = "Core.WebAPI", "src\corePackages\Core.WebAPI\Core.WebAPI.csproj", "{24AE40CB-3961-4DBA-9E7B-E48893CA8DA5}"
EndProject
Project("{9A19103F-16F7-4668-BE54-9A1E7A4F7556}") = "Core.Localization.Abstraction", "src\corePackages\Core.Localization.Abstraction\Core.Localization.Abstraction.csproj", "{864D9DB0-93B1-4913-8633-F7F544D17F8C}"
EndProject
Project("{9A19103F-16F7-4668-BE54-9A1E7A4F7556}") = "Core.Localization.Resource.Yaml", "src\corePackages\Core.Localization.Resource.Yaml\Core.Localization.Resource.Yaml.csproj", "{4C16A1D7-D2DC-4153-848A-66B512B49B44}"
EndProject
Project("{9A19103F-16F7-4668-BE54-9A1E7A4F7556}") = "Core.Localization.Resource.Yaml.DependencyInjection", "src\corePackages\Core.Localization.Resource.Yaml.DependencyInjection\Core.Localization.Resource.Yaml.DependencyInjection.csproj", "{42D3A075-2FED-4EDD-9EB9-48EF342AAB8F}"
EndProject
Project("{9A19103F-16F7-4668-BE54-9A1E7A4F7556}") = "Core.Localization.WebApi", "src\corePackages\Core.Localization.WebApi\Core.Localization.WebApi.csproj", "{7382CD02-CF1A-4F2E-95B7-CBEA228EAF35}"
EndProject
Project("{9A19103F-16F7-4668-BE54-9A1E7A4F7556}") = "Core.Translation.Abstraction", "src\corePackages\Core.Translation.Abstraction\Core.Translation.Abstraction.csproj", "{3881B212-1E3E-46A1-9EB2-7FE360063602}"
EndProject
Project("{9A19103F-16F7-4668-BE54-9A1E7A4F7556}") = "Core.Translation.AmazonTranslate", "src\corePackages\Core.Translation.AmazonTranslate\Core.Translation.AmazonTranslate.csproj", "{7010A4B6-4C66-4EBA-8A85-6B9BA40A2015}"
EndProject
Project("{9A19103F-16F7-4668-BE54-9A1E7A4F7556}") = "Core.Localization.Translation", "src\corePackages\Core.Localization.Translation\Core.Localization.Translation.csproj", "{82A827A4-0FAB-4A81-8BC9-444571117AA7}"
EndProject
Project("{9A19103F-16F7-4668-BE54-9A1E7A4F7556}") = "Core.Translation.AmazonTranslate.DependencyInjection", "src\corePackages\Core.Translation.AmazonTranslate.DependencyInjection\Core.Translation.AmazonTranslate.DependencyInjection.csproj", "{061DAFB0-CD87-48E9-9ADA-B3C9C85E7306}"
EndProject
Project("{9A19103F-16F7-4668-BE54-9A1E7A4F7556}") = "StarterProject.Application.Tests", "tests\StarterProject.Application.Tests\StarterProject.Application.Tests.csproj", "{A06975C0-631D-4E8B-8106-D1C8E3A05D19}"
EndProject
Project("{2150E333-8FDC-42A3-9474-1A3956D46DE8}") = "Solution Items", "Solution Items", "{8A52191F-DCC6-4487-AFFF-4B6BB86231FC}"
	ProjectSection(SolutionItems) = preProject
		.editorconfig = .editorconfig
	EndProjectSection
EndProject
Global
	GlobalSection(SolutionConfigurationPlatforms) = preSolution
		Debug|Any CPU = Debug|Any CPU
		Release|Any CPU = Release|Any CPU
	EndGlobalSection
	GlobalSection(ProjectConfigurationPlatforms) = postSolution
		{98DB48DE-CBB4-4BA4-982A-8A564016BBA1}.Debug|Any CPU.ActiveCfg = Debug|Any CPU
		{98DB48DE-CBB4-4BA4-982A-8A564016BBA1}.Debug|Any CPU.Build.0 = Debug|Any CPU
		{98DB48DE-CBB4-4BA4-982A-8A564016BBA1}.Release|Any CPU.ActiveCfg = Release|Any CPU
		{98DB48DE-CBB4-4BA4-982A-8A564016BBA1}.Release|Any CPU.Build.0 = Release|Any CPU
		{9AC68273-3585-48B8-B9C0-6BEBF40D5CEB}.Debug|Any CPU.ActiveCfg = Debug|Any CPU
		{9AC68273-3585-48B8-B9C0-6BEBF40D5CEB}.Debug|Any CPU.Build.0 = Debug|Any CPU
		{9AC68273-3585-48B8-B9C0-6BEBF40D5CEB}.Release|Any CPU.ActiveCfg = Release|Any CPU
		{9AC68273-3585-48B8-B9C0-6BEBF40D5CEB}.Release|Any CPU.Build.0 = Release|Any CPU
		{8587D7E2-7A17-4731-83D2-CBFDA2C4A0E1}.Debug|Any CPU.ActiveCfg = Debug|Any CPU
		{8587D7E2-7A17-4731-83D2-CBFDA2C4A0E1}.Debug|Any CPU.Build.0 = Debug|Any CPU
		{8587D7E2-7A17-4731-83D2-CBFDA2C4A0E1}.Release|Any CPU.ActiveCfg = Release|Any CPU
		{8587D7E2-7A17-4731-83D2-CBFDA2C4A0E1}.Release|Any CPU.Build.0 = Release|Any CPU
		{5A5C5789-75A7-4773-AB44-13721819502A}.Debug|Any CPU.ActiveCfg = Debug|Any CPU
		{5A5C5789-75A7-4773-AB44-13721819502A}.Debug|Any CPU.Build.0 = Debug|Any CPU
		{5A5C5789-75A7-4773-AB44-13721819502A}.Release|Any CPU.ActiveCfg = Release|Any CPU
		{5A5C5789-75A7-4773-AB44-13721819502A}.Release|Any CPU.Build.0 = Release|Any CPU
		{430101C0-BAE0-41E7-801E-0BC492073E28}.Debug|Any CPU.ActiveCfg = Debug|Any CPU
		{430101C0-BAE0-41E7-801E-0BC492073E28}.Debug|Any CPU.Build.0 = Debug|Any CPU
		{430101C0-BAE0-41E7-801E-0BC492073E28}.Release|Any CPU.ActiveCfg = Release|Any CPU
		{430101C0-BAE0-41E7-801E-0BC492073E28}.Release|Any CPU.Build.0 = Release|Any CPU
		{58361D6C-B594-42B2-9BDA-92C1B5812A50}.Debug|Any CPU.ActiveCfg = Debug|Any CPU
		{58361D6C-B594-42B2-9BDA-92C1B5812A50}.Debug|Any CPU.Build.0 = Debug|Any CPU
		{58361D6C-B594-42B2-9BDA-92C1B5812A50}.Release|Any CPU.ActiveCfg = Release|Any CPU
		{58361D6C-B594-42B2-9BDA-92C1B5812A50}.Release|Any CPU.Build.0 = Release|Any CPU
		{0B8A1EBC-8A90-4324-A9C6-E98D1E2D0293}.Debug|Any CPU.ActiveCfg = Debug|Any CPU
		{0B8A1EBC-8A90-4324-A9C6-E98D1E2D0293}.Debug|Any CPU.Build.0 = Debug|Any CPU
		{0B8A1EBC-8A90-4324-A9C6-E98D1E2D0293}.Release|Any CPU.ActiveCfg = Release|Any CPU
		{0B8A1EBC-8A90-4324-A9C6-E98D1E2D0293}.Release|Any CPU.Build.0 = Release|Any CPU
		{3E439D5D-35A3-4A08-9985-EC0F1EC9C650}.Debug|Any CPU.ActiveCfg = Debug|Any CPU
		{3E439D5D-35A3-4A08-9985-EC0F1EC9C650}.Debug|Any CPU.Build.0 = Debug|Any CPU
		{3E439D5D-35A3-4A08-9985-EC0F1EC9C650}.Release|Any CPU.ActiveCfg = Release|Any CPU
		{3E439D5D-35A3-4A08-9985-EC0F1EC9C650}.Release|Any CPU.Build.0 = Release|Any CPU
		{8696C5CF-50A9-41A3-848F-414D39A8FB21}.Debug|Any CPU.ActiveCfg = Debug|Any CPU
		{8696C5CF-50A9-41A3-848F-414D39A8FB21}.Debug|Any CPU.Build.0 = Debug|Any CPU
		{8696C5CF-50A9-41A3-848F-414D39A8FB21}.Release|Any CPU.ActiveCfg = Release|Any CPU
		{8696C5CF-50A9-41A3-848F-414D39A8FB21}.Release|Any CPU.Build.0 = Release|Any CPU
		{B8A4FFEC-7E11-427E-AB1D-B0F03CAC3BDC}.Debug|Any CPU.ActiveCfg = Debug|Any CPU
		{B8A4FFEC-7E11-427E-AB1D-B0F03CAC3BDC}.Debug|Any CPU.Build.0 = Debug|Any CPU
		{B8A4FFEC-7E11-427E-AB1D-B0F03CAC3BDC}.Release|Any CPU.ActiveCfg = Release|Any CPU
		{B8A4FFEC-7E11-427E-AB1D-B0F03CAC3BDC}.Release|Any CPU.Build.0 = Release|Any CPU
		{326EE5E7-920B-4BAE-9B86-EC81EF14C768}.Debug|Any CPU.ActiveCfg = Debug|Any CPU
		{326EE5E7-920B-4BAE-9B86-EC81EF14C768}.Debug|Any CPU.Build.0 = Debug|Any CPU
		{326EE5E7-920B-4BAE-9B86-EC81EF14C768}.Release|Any CPU.ActiveCfg = Release|Any CPU
		{326EE5E7-920B-4BAE-9B86-EC81EF14C768}.Release|Any CPU.Build.0 = Release|Any CPU
		{04F34479-7304-45E2-AEA3-5269BA1543E6}.Debug|Any CPU.ActiveCfg = Debug|Any CPU
		{04F34479-7304-45E2-AEA3-5269BA1543E6}.Debug|Any CPU.Build.0 = Debug|Any CPU
		{04F34479-7304-45E2-AEA3-5269BA1543E6}.Release|Any CPU.ActiveCfg = Release|Any CPU
		{04F34479-7304-45E2-AEA3-5269BA1543E6}.Release|Any CPU.Build.0 = Release|Any CPU
		{24AE40CB-3961-4DBA-9E7B-E48893CA8DA5}.Debug|Any CPU.ActiveCfg = Debug|Any CPU
		{24AE40CB-3961-4DBA-9E7B-E48893CA8DA5}.Debug|Any CPU.Build.0 = Debug|Any CPU
		{24AE40CB-3961-4DBA-9E7B-E48893CA8DA5}.Release|Any CPU.ActiveCfg = Release|Any CPU
		{24AE40CB-3961-4DBA-9E7B-E48893CA8DA5}.Release|Any CPU.Build.0 = Release|Any CPU
		{864D9DB0-93B1-4913-8633-F7F544D17F8C}.Debug|Any CPU.ActiveCfg = Debug|Any CPU
		{864D9DB0-93B1-4913-8633-F7F544D17F8C}.Debug|Any CPU.Build.0 = Debug|Any CPU
		{864D9DB0-93B1-4913-8633-F7F544D17F8C}.Release|Any CPU.ActiveCfg = Release|Any CPU
		{864D9DB0-93B1-4913-8633-F7F544D17F8C}.Release|Any CPU.Build.0 = Release|Any CPU
		{4C16A1D7-D2DC-4153-848A-66B512B49B44}.Debug|Any CPU.ActiveCfg = Debug|Any CPU
		{4C16A1D7-D2DC-4153-848A-66B512B49B44}.Debug|Any CPU.Build.0 = Debug|Any CPU
		{4C16A1D7-D2DC-4153-848A-66B512B49B44}.Release|Any CPU.ActiveCfg = Release|Any CPU
		{4C16A1D7-D2DC-4153-848A-66B512B49B44}.Release|Any CPU.Build.0 = Release|Any CPU
		{42D3A075-2FED-4EDD-9EB9-48EF342AAB8F}.Debug|Any CPU.ActiveCfg = Debug|Any CPU
		{42D3A075-2FED-4EDD-9EB9-48EF342AAB8F}.Debug|Any CPU.Build.0 = Debug|Any CPU
		{42D3A075-2FED-4EDD-9EB9-48EF342AAB8F}.Release|Any CPU.ActiveCfg = Release|Any CPU
		{42D3A075-2FED-4EDD-9EB9-48EF342AAB8F}.Release|Any CPU.Build.0 = Release|Any CPU
		{7382CD02-CF1A-4F2E-95B7-CBEA228EAF35}.Debug|Any CPU.ActiveCfg = Debug|Any CPU
		{7382CD02-CF1A-4F2E-95B7-CBEA228EAF35}.Debug|Any CPU.Build.0 = Debug|Any CPU
		{7382CD02-CF1A-4F2E-95B7-CBEA228EAF35}.Release|Any CPU.ActiveCfg = Release|Any CPU
		{7382CD02-CF1A-4F2E-95B7-CBEA228EAF35}.Release|Any CPU.Build.0 = Release|Any CPU
		{3881B212-1E3E-46A1-9EB2-7FE360063602}.Debug|Any CPU.ActiveCfg = Debug|Any CPU
		{3881B212-1E3E-46A1-9EB2-7FE360063602}.Debug|Any CPU.Build.0 = Debug|Any CPU
		{3881B212-1E3E-46A1-9EB2-7FE360063602}.Release|Any CPU.ActiveCfg = Release|Any CPU
		{3881B212-1E3E-46A1-9EB2-7FE360063602}.Release|Any CPU.Build.0 = Release|Any CPU
		{7010A4B6-4C66-4EBA-8A85-6B9BA40A2015}.Debug|Any CPU.ActiveCfg = Debug|Any CPU
		{7010A4B6-4C66-4EBA-8A85-6B9BA40A2015}.Debug|Any CPU.Build.0 = Debug|Any CPU
		{7010A4B6-4C66-4EBA-8A85-6B9BA40A2015}.Release|Any CPU.ActiveCfg = Release|Any CPU
		{7010A4B6-4C66-4EBA-8A85-6B9BA40A2015}.Release|Any CPU.Build.0 = Release|Any CPU
		{82A827A4-0FAB-4A81-8BC9-444571117AA7}.Debug|Any CPU.ActiveCfg = Debug|Any CPU
		{82A827A4-0FAB-4A81-8BC9-444571117AA7}.Debug|Any CPU.Build.0 = Debug|Any CPU
		{82A827A4-0FAB-4A81-8BC9-444571117AA7}.Release|Any CPU.ActiveCfg = Release|Any CPU
		{82A827A4-0FAB-4A81-8BC9-444571117AA7}.Release|Any CPU.Build.0 = Release|Any CPU
		{061DAFB0-CD87-48E9-9ADA-B3C9C85E7306}.Debug|Any CPU.ActiveCfg = Debug|Any CPU
		{061DAFB0-CD87-48E9-9ADA-B3C9C85E7306}.Debug|Any CPU.Build.0 = Debug|Any CPU
		{061DAFB0-CD87-48E9-9ADA-B3C9C85E7306}.Release|Any CPU.ActiveCfg = Release|Any CPU
		{061DAFB0-CD87-48E9-9ADA-B3C9C85E7306}.Release|Any CPU.Build.0 = Release|Any CPU
		{A06975C0-631D-4E8B-8106-D1C8E3A05D19}.Debug|Any CPU.ActiveCfg = Debug|Any CPU
		{A06975C0-631D-4E8B-8106-D1C8E3A05D19}.Debug|Any CPU.Build.0 = Debug|Any CPU
		{A06975C0-631D-4E8B-8106-D1C8E3A05D19}.Release|Any CPU.ActiveCfg = Release|Any CPU
		{A06975C0-631D-4E8B-8106-D1C8E3A05D19}.Release|Any CPU.Build.0 = Release|Any CPU
	EndGlobalSection
	GlobalSection(SolutionProperties) = preSolution
		HideSolutionNode = FALSE
	EndGlobalSection
	GlobalSection(NestedProjects) = preSolution
		{403A7B6A-EDB3-4B56-8DF2-A92A3247C721} = {BC7CA20F-741B-4757-8833-EA38E62FC786}
		{F4CFDEC8-18F0-4A9C-A16B-3045B325FA69} = {BC7CA20F-741B-4757-8833-EA38E62FC786}
		{98DB48DE-CBB4-4BA4-982A-8A564016BBA1} = {F4CFDEC8-18F0-4A9C-A16B-3045B325FA69}
		{9AC68273-3585-48B8-B9C0-6BEBF40D5CEB} = {F4CFDEC8-18F0-4A9C-A16B-3045B325FA69}
		{8587D7E2-7A17-4731-83D2-CBFDA2C4A0E1} = {F4CFDEC8-18F0-4A9C-A16B-3045B325FA69}
		{5A5C5789-75A7-4773-AB44-13721819502A} = {F4CFDEC8-18F0-4A9C-A16B-3045B325FA69}
		{430101C0-BAE0-41E7-801E-0BC492073E28} = {403A7B6A-EDB3-4B56-8DF2-A92A3247C721}
		{58361D6C-B594-42B2-9BDA-92C1B5812A50} = {403A7B6A-EDB3-4B56-8DF2-A92A3247C721}
		{0B8A1EBC-8A90-4324-A9C6-E98D1E2D0293} = {403A7B6A-EDB3-4B56-8DF2-A92A3247C721}
		{3E439D5D-35A3-4A08-9985-EC0F1EC9C650} = {403A7B6A-EDB3-4B56-8DF2-A92A3247C721}
		{8696C5CF-50A9-41A3-848F-414D39A8FB21} = {F4CFDEC8-18F0-4A9C-A16B-3045B325FA69}
		{B8A4FFEC-7E11-427E-AB1D-B0F03CAC3BDC} = {403A7B6A-EDB3-4B56-8DF2-A92A3247C721}
		{326EE5E7-920B-4BAE-9B86-EC81EF14C768} = {403A7B6A-EDB3-4B56-8DF2-A92A3247C721}
		{04F34479-7304-45E2-AEA3-5269BA1543E6} = {403A7B6A-EDB3-4B56-8DF2-A92A3247C721}
		{24AE40CB-3961-4DBA-9E7B-E48893CA8DA5} = {403A7B6A-EDB3-4B56-8DF2-A92A3247C721}
		{864D9DB0-93B1-4913-8633-F7F544D17F8C} = {403A7B6A-EDB3-4B56-8DF2-A92A3247C721}
		{4C16A1D7-D2DC-4153-848A-66B512B49B44} = {403A7B6A-EDB3-4B56-8DF2-A92A3247C721}
		{42D3A075-2FED-4EDD-9EB9-48EF342AAB8F} = {403A7B6A-EDB3-4B56-8DF2-A92A3247C721}
		{7382CD02-CF1A-4F2E-95B7-CBEA228EAF35} = {403A7B6A-EDB3-4B56-8DF2-A92A3247C721}
		{3881B212-1E3E-46A1-9EB2-7FE360063602} = {403A7B6A-EDB3-4B56-8DF2-A92A3247C721}
		{7010A4B6-4C66-4EBA-8A85-6B9BA40A2015} = {403A7B6A-EDB3-4B56-8DF2-A92A3247C721}
		{82A827A4-0FAB-4A81-8BC9-444571117AA7} = {403A7B6A-EDB3-4B56-8DF2-A92A3247C721}
		{061DAFB0-CD87-48E9-9ADA-B3C9C85E7306} = {403A7B6A-EDB3-4B56-8DF2-A92A3247C721}
		{A06975C0-631D-4E8B-8106-D1C8E3A05D19} = {07E15C51-014F-4C05-B709-C273D2D4E78C}
	EndGlobalSection
	GlobalSection(ExtensibilityGlobals) = postSolution
		SolutionGuid = {9208CFCE-156A-49CD-9E43-32CE67AAB957}
	EndGlobalSection
EndGlobal
